
Microsoft Visual Studio Solution File, Format Version 12.00
# Visual Studio Version 16
VisualStudioVersion = 16.0.31005.135
MinimumVisualStudioVersion = 10.0.40219.1
Project("{9A19103F-16F7-4668-BE54-9A1E7A4F7556}") = "RTest.Core", "RTest.Core\RTest.Core.csproj", "{34939748-78AF-4BD8-9CA4-A548E11031DE}"
EndProject
Project("{2150E333-8FDC-42A3-9474-1A3956D46DE8}") = "Solution Items", "Solution Items", "{3AD664C7-5FC4-4968-8243-F77DE4901403}"
	ProjectSection(SolutionItems) = preProject
		.editorconfig = .editorconfig
		.gitattributes = .gitattributes
		.gitignore = .gitignore
	EndProjectSection
EndProject
Global
	GlobalSection(SolutionConfigurationPlatforms) = preSolution
		Debug|Any CPU = Debug|Any CPU
		Release|Any CPU = Release|Any CPU
	EndGlobalSection
	GlobalSection(ProjectConfigurationPlatforms) = postSolution
		{34939748-78AF-4BD8-9CA4-A548E11031DE}.Debug|Any CPU.ActiveCfg = Debug|Any CPU
		{34939748-78AF-4BD8-9CA4-A548E11031DE}.Debug|Any CPU.Build.0 = Debug|Any CPU
		{34939748-78AF-4BD8-9CA4-A548E11031DE}.Release|Any CPU.ActiveCfg = Release|Any CPU
		{34939748-78AF-4BD8-9CA4-A548E11031DE}.Release|Any CPU.Build.0 = Release|Any CPU
	EndGlobalSection
	GlobalSection(SolutionProperties) = preSolution
		HideSolutionNode = FALSE
	EndGlobalSection
	GlobalSection(ExtensibilityGlobals) = postSolution
		SolutionGuid = {C3E1E82F-2784-4447-BC3C-B48A067B0261}
	EndGlobalSection
EndGlobal
